{
  "name": "native-calculator-example",
  "version": "1.0.0",
  "lockfileVersion": 3,
  "requires": true,
  "packages": {
    "": {
      "name": "native-calculator-example",
      "version": "1.0.0",
      "dependencies": {
        "calcassets-native-tests": "file:vendor/calcassets-native-tests.tgz"
      }
    },
    "node_modules/calcassets-native-tests": {
      "version": "1.0.1",
      "resolved": "file:vendor/calcassets-native-tests.tgz",
      "integrity": "sha512-wpiFbS+M/8xSXFBHLH4198Ip/fnVYqltjBt5qyzKSnqMWNu4irrK01yKDRTJ1tr7VJD6BLreh9YJDEiXz7cMew==",
      "hasInstallScript": true
    }
  }
}
